
Microsoft Visual Studio Solution File, Format Version 12.00
# Visual Studio Version 16
VisualStudioVersion = 16.0.30309.148
MinimumVisualStudioVersion = 10.0.40219.1
Project("{9A19103F-16F7-4668-BE54-9A1E7A4F7556}") = "template-cs-mvc", "template-cs-mvc\template-cs-mvc.csproj", "{253364BB-C86B-47A7-893E-19520A13A5D7}"
EndProject
Global
	GlobalSection(SolutionConfigurationPlatforms) = preSolution
		Debug|Any CPU = Debug|Any CPU
		Release|Any CPU = Release|Any CPU
	EndGlobalSection
	GlobalSection(ProjectConfigurationPlatforms) = postSolution
		{253364BB-C86B-47A7-893E-19520A13A5D7}.Debug|Any CPU.ActiveCfg = Debug|Any CPU
		{253364BB-C86B-47A7-893E-19520A13A5D7}.Debug|Any CPU.Build.0 = Debug|Any CPU
		{253364BB-C86B-47A7-893E-19520A13A5D7}.Release|Any CPU.ActiveCfg = Release|Any CPU
		{253364BB-C86B-47A7-893E-19520A13A5D7}.Release|Any CPU.Build.0 = Release|Any CPU
	EndGlobalSection
	GlobalSection(SolutionProperties) = preSolution
		HideSolutionNode = FALSE
	EndGlobalSection
	GlobalSection(ExtensibilityGlobals) = postSolution
		SolutionGuid = {C01EC8AF-0393-4AF3-8E58-8911882488D2}
		BuildVersion_BuildVersioningStyle = None.None.MonthStamp.Increment
		BuildVersion_UpdateAssemblyVersion = True
		BuildVersion_UpdateFileVersion = True
		BuildVersion_StartDate = 2019/1/1
		BuildVersion_UseUniversalClock = True
	EndGlobalSection
EndGlobal
